
Microsoft Visual Studio Solution File, Format Version 12.00
# Visual Studio Version 17
VisualStudioVersion = 17.5.33516.290
MinimumVisualStudioVersion = 10.0.40219.1
Project("{FAE04EC0-301F-11D3-BF4B-00C04F79EFBC}") = "DesignPatterns", "DesignPatterns\DesignPatterns.csproj", "{BAFED112-EA49-4671-8939-992F7857A549}"
EndProject
Project("{FAE04EC0-301F-11D3-BF4B-00C04F79EFBC}") = "DesignPatternsDomain", "DesignPatternsDomain\DesignPatternsDomain.csproj", "{8DFCA880-B3EC-4533-9D8A-AAA1A13BED19}"
EndProject
Global
	GlobalSection(SolutionConfigurationPlatforms) = preSolution
		Debug|Any CPU = Debug|Any CPU
		Release|Any CPU = Release|Any CPU
	EndGlobalSection
	GlobalSection(ProjectConfigurationPlatforms) = postSolution
		{BAFED112-EA49-4671-8939-992F7857A549}.Debug|Any CPU.ActiveCfg = Debug|Any CPU
		{BAFED112-EA49-4671-8939-992F7857A549}.Debug|Any CPU.Build.0 = Debug|Any CPU
		{BAFED112-EA49-4671-8939-992F7857A549}.Release|Any CPU.ActiveCfg = Release|Any CPU
		{BAFED112-EA49-4671-8939-992F7857A549}.Release|Any CPU.Build.0 = Release|Any CPU
		{8DFCA880-B3EC-4533-9D8A-AAA1A13BED19}.Debug|Any CPU.ActiveCfg = Debug|Any CPU
		{8DFCA880-B3EC-4533-9D8A-AAA1A13BED19}.Debug|Any CPU.Build.0 = Debug|Any CPU
		{8DFCA880-B3EC-4533-9D8A-AAA1A13BED19}.Release|Any CPU.ActiveCfg = Release|Any CPU
		{8DFCA880-B3EC-4533-9D8A-AAA1A13BED19}.Release|Any CPU.Build.0 = Release|Any CPU
	EndGlobalSection
	GlobalSection(SolutionProperties) = preSolution
		HideSolutionNode = FALSE
	EndGlobalSection
	GlobalSection(ExtensibilityGlobals) = postSolution
		SolutionGuid = {1CFCA424-76BD-4BB2-B219-98C4BB2A64E2}
	EndGlobalSection
EndGlobal
