
Microsoft Visual Studio Solution File, Format Version 12.00
# Visual Studio Version 17
VisualStudioVersion = 17.5.33516.290
MinimumVisualStudioVersion = 10.0.40219.1
Project("{2150E333-8FDC-42A3-9474-1A3956D46DE8}") = "Creational", "Creational", "{DF2394BE-60AA-4D06-BE85-5480212A7CB0}"
EndProject
Project("{2150E333-8FDC-42A3-9474-1A3956D46DE8}") = "Buider", "Buider", "{3C803241-D68D-4C6A-BB19-293E5FDCB881}"
EndProject
Project("{9A19103F-16F7-4668-BE54-9A1E7A4F7556}") = "Builder", "BuilderCreational\Builder.csproj", "{40A50B8A-9C78-4AA7-BCCA-1DDF60CC0FE5}"
EndProject
Project("{2150E333-8FDC-42A3-9474-1A3956D46DE8}") = "FactoryMethod", "FactoryMethod", "{59A2F240-410F-4B92-A267-0347F955231F}"
EndProject
Project("{9A19103F-16F7-4668-BE54-9A1E7A4F7556}") = "FactoryMethod", "FactoryMethod\FactoryMethod.csproj", "{A28C0427-0696-4C40-BA67-16EFECB16392}"
EndProject
Project("{2150E333-8FDC-42A3-9474-1A3956D46DE8}") = "AbstractFactory", "AbstractFactory", "{2C1034A7-5C8A-49B9-99FC-5A807F6C63E2}"
EndProject
Project("{9A19103F-16F7-4668-BE54-9A1E7A4F7556}") = "AbstractFactory", "AbstractFactory\AbstractFactory.csproj", "{8BD2721C-0D21-4D00-9B3A-C53C7969B644}"
EndProject
Project("{2150E333-8FDC-42A3-9474-1A3956D46DE8}") = "Prototype", "Prototype", "{8A97E360-3452-4EF4-96EB-01F535EA8E11}"
EndProject
Project("{9A19103F-16F7-4668-BE54-9A1E7A4F7556}") = "Prototype", "Prototype\Prototype.csproj", "{2A001FC0-90E6-41E4-9AE5-D9923DECA7B1}"
EndProject
Project("{2150E333-8FDC-42A3-9474-1A3956D46DE8}") = "InmutabilityWithCopy", "InmutabilityWithCopy", "{18E43B14-838C-44B3-A5D2-4D3CE8EF4841}"
EndProject
Project("{FAE04EC0-301F-11D3-BF4B-00C04F79EFBC}") = "ImmutabilityWithCopy", "ImmutabilityWithCopy\ImmutabilityWithCopy.csproj", "{CF49BC25-C02D-4DA6-A64A-E262B919064F}"
EndProject
Project("{2150E333-8FDC-42A3-9474-1A3956D46DE8}") = "Singleton", "Singleton", "{9B4DB313-7020-470C-A2F3-0C804C9F0509}"
EndProject
Project("{FAE04EC0-301F-11D3-BF4B-00C04F79EFBC}") = "Singleton", "Singleton\Singleton.csproj", "{C2E6496F-CB5B-4C49-AF76-92EA47C5D6EC}"
EndProject
Global
	GlobalSection(SolutionConfigurationPlatforms) = preSolution
		Debug|Any CPU = Debug|Any CPU
		Release|Any CPU = Release|Any CPU
	EndGlobalSection
	GlobalSection(ProjectConfigurationPlatforms) = postSolution
		{40A50B8A-9C78-4AA7-BCCA-1DDF60CC0FE5}.Debug|Any CPU.ActiveCfg = Debug|Any CPU
		{40A50B8A-9C78-4AA7-BCCA-1DDF60CC0FE5}.Debug|Any CPU.Build.0 = Debug|Any CPU
		{40A50B8A-9C78-4AA7-BCCA-1DDF60CC0FE5}.Release|Any CPU.ActiveCfg = Release|Any CPU
		{40A50B8A-9C78-4AA7-BCCA-1DDF60CC0FE5}.Release|Any CPU.Build.0 = Release|Any CPU
		{A28C0427-0696-4C40-BA67-16EFECB16392}.Debug|Any CPU.ActiveCfg = Debug|Any CPU
		{A28C0427-0696-4C40-BA67-16EFECB16392}.Debug|Any CPU.Build.0 = Debug|Any CPU
		{A28C0427-0696-4C40-BA67-16EFECB16392}.Release|Any CPU.ActiveCfg = Release|Any CPU
		{A28C0427-0696-4C40-BA67-16EFECB16392}.Release|Any CPU.Build.0 = Release|Any CPU
		{8BD2721C-0D21-4D00-9B3A-C53C7969B644}.Debug|Any CPU.ActiveCfg = Debug|Any CPU
		{8BD2721C-0D21-4D00-9B3A-C53C7969B644}.Debug|Any CPU.Build.0 = Debug|Any CPU
		{8BD2721C-0D21-4D00-9B3A-C53C7969B644}.Release|Any CPU.ActiveCfg = Release|Any CPU
		{8BD2721C-0D21-4D00-9B3A-C53C7969B644}.Release|Any CPU.Build.0 = Release|Any CPU
		{2A001FC0-90E6-41E4-9AE5-D9923DECA7B1}.Debug|Any CPU.ActiveCfg = Debug|Any CPU
		{2A001FC0-90E6-41E4-9AE5-D9923DECA7B1}.Debug|Any CPU.Build.0 = Debug|Any CPU
		{2A001FC0-90E6-41E4-9AE5-D9923DECA7B1}.Release|Any CPU.ActiveCfg = Release|Any CPU
		{2A001FC0-90E6-41E4-9AE5-D9923DECA7B1}.Release|Any CPU.Build.0 = Release|Any CPU
		{CF49BC25-C02D-4DA6-A64A-E262B919064F}.Debug|Any CPU.ActiveCfg = Debug|Any CPU
		{CF49BC25-C02D-4DA6-A64A-E262B919064F}.Debug|Any CPU.Build.0 = Debug|Any CPU
		{CF49BC25-C02D-4DA6-A64A-E262B919064F}.Release|Any CPU.ActiveCfg = Release|Any CPU
		{CF49BC25-C02D-4DA6-A64A-E262B919064F}.Release|Any CPU.Build.0 = Release|Any CPU
		{C2E6496F-CB5B-4C49-AF76-92EA47C5D6EC}.Debug|Any CPU.ActiveCfg = Debug|Any CPU
		{C2E6496F-CB5B-4C49-AF76-92EA47C5D6EC}.Debug|Any CPU.Build.0 = Debug|Any CPU
		{C2E6496F-CB5B-4C49-AF76-92EA47C5D6EC}.Release|Any CPU.ActiveCfg = Release|Any CPU
		{C2E6496F-CB5B-4C49-AF76-92EA47C5D6EC}.Release|Any CPU.Build.0 = Release|Any CPU
	EndGlobalSection
	GlobalSection(SolutionProperties) = preSolution
		HideSolutionNode = FALSE
	EndGlobalSection
	GlobalSection(NestedProjects) = preSolution
		{3C803241-D68D-4C6A-BB19-293E5FDCB881} = {DF2394BE-60AA-4D06-BE85-5480212A7CB0}
		{40A50B8A-9C78-4AA7-BCCA-1DDF60CC0FE5} = {3C803241-D68D-4C6A-BB19-293E5FDCB881}
		{59A2F240-410F-4B92-A267-0347F955231F} = {DF2394BE-60AA-4D06-BE85-5480212A7CB0}
		{A28C0427-0696-4C40-BA67-16EFECB16392} = {59A2F240-410F-4B92-A267-0347F955231F}
		{2C1034A7-5C8A-49B9-99FC-5A807F6C63E2} = {DF2394BE-60AA-4D06-BE85-5480212A7CB0}
		{8BD2721C-0D21-4D00-9B3A-C53C7969B644} = {2C1034A7-5C8A-49B9-99FC-5A807F6C63E2}
		{8A97E360-3452-4EF4-96EB-01F535EA8E11} = {DF2394BE-60AA-4D06-BE85-5480212A7CB0}
		{2A001FC0-90E6-41E4-9AE5-D9923DECA7B1} = {8A97E360-3452-4EF4-96EB-01F535EA8E11}
		{18E43B14-838C-44B3-A5D2-4D3CE8EF4841} = {DF2394BE-60AA-4D06-BE85-5480212A7CB0}
		{CF49BC25-C02D-4DA6-A64A-E262B919064F} = {18E43B14-838C-44B3-A5D2-4D3CE8EF4841}
		{9B4DB313-7020-470C-A2F3-0C804C9F0509} = {DF2394BE-60AA-4D06-BE85-5480212A7CB0}
		{C2E6496F-CB5B-4C49-AF76-92EA47C5D6EC} = {9B4DB313-7020-470C-A2F3-0C804C9F0509}
	EndGlobalSection
	GlobalSection(ExtensibilityGlobals) = postSolution
		SolutionGuid = {1CFCA424-76BD-4BB2-B219-98C4BB2A64E2}
	EndGlobalSection
EndGlobal
